Microsoft Visual Studio Solution File, Format Version 12.00
# Visual Studio Version 17
VisualStudioVersion = 17.1.32407.343
MinimumVisualStudioVersion = 10.0.40219.1
Project("{9A19103F-16F7-4668-BE54-9A1E7A4F7556}") = "BattleChess3.Game", "BattleChess3.Game\BattleChess3.Game.csproj", "{4663DA29-AA05-4134-800D-1974BE8DB559}"
EndProject
Project("{9A19103F-16F7-4668-BE54-9A1E7A4F7556}") = "BattleChess3.UI", "BattleChess3.UI\BattleChess3.UI.csproj", "{EDC1603E-4D88-440C-BEFF-7EB78DB64FE0}"
EndProject
Project("{9A19103F-16F7-4668-BE54-9A1E7A4F7556}") = "BattleChess3.CrossFireFigures", "BattleChess3.CrossFire\BattleChess3.CrossFireFigures.csproj", "{6342F138-8B23-498B-ACD6-E75FC3342BF2}"
EndProject
Project("{FAE04EC0-301F-11D3-BF4B-00C04F79EFBC}") = "BattleChess3.Maps", "BattleChess3.Maps\BattleChess3.Maps.csproj", "{34CDCE2C-4349-4FA9-8355-1D6FB8B07811}"
EndProject
Project("{FAE04EC0-301F-11D3-BF4B-00C04F79EFBC}") = "BattleChess3.Multiplayer", "BattleChess3.Multiplayer\BattleChess3.Multiplayer.csproj", "{593FD7A1-8693-42C6-8247-537278F4CA13}"
EndProject
Project("{2150E333-8FDC-42A3-9474-1A3956D46DE8}") = "Test", "Test", "{0ADAE7A2-44B0-4C38-B9D9-B8A6111AEFDD}"
EndProject
Project("{2150E333-8FDC-42A3-9474-1A3956D46DE8}") = "Src", "Src", "{F8495298-BC3B-4E03-891C-BB762E223776}"
EndProject
Project("{FAE04EC0-301F-11D3-BF4B-00C04F79EFBC}") = "BattleChess3.Game.Test", "BattleChess3.Game.Test\BattleChess3.Game.Test.csproj", "{429BF419-ED34-4375-9332-0BABE746C68F}"
EndProject
Global
	GlobalSection(SolutionConfigurationPlatforms) = preSolution
		Debug|Any CPU = Debug|Any CPU
		Release|Any CPU = Release|Any CPU
	EndGlobalSection
	GlobalSection(ProjectConfigurationPlatforms) = postSolution
		{4663DA29-AA05-4134-800D-1974BE8DB559}.Debug|Any CPU.ActiveCfg = Debug|Any CPU
		{4663DA29-AA05-4134-800D-1974BE8DB559}.Debug|Any CPU.Build.0 = Debug|Any CPU
		{4663DA29-AA05-4134-800D-1974BE8DB559}.Release|Any CPU.ActiveCfg = Release|Any CPU
		{4663DA29-AA05-4134-800D-1974BE8DB559}.Release|Any CPU.Build.0 = Release|Any CPU
		{EDC1603E-4D88-440C-BEFF-7EB78DB64FE0}.Debug|Any CPU.ActiveCfg = Debug|Any CPU
		{EDC1603E-4D88-440C-BEFF-7EB78DB64FE0}.Debug|Any CPU.Build.0 = Debug|Any CPU
		{EDC1603E-4D88-440C-BEFF-7EB78DB64FE0}.Release|Any CPU.ActiveCfg = Release|Any CPU
		{EDC1603E-4D88-440C-BEFF-7EB78DB64FE0}.Release|Any CPU.Build.0 = Release|Any CPU
		{6342F138-8B23-498B-ACD6-E75FC3342BF2}.Debug|Any CPU.ActiveCfg = Debug|Any CPU
		{6342F138-8B23-498B-ACD6-E75FC3342BF2}.Debug|Any CPU.Build.0 = Debug|Any CPU
		{6342F138-8B23-498B-ACD6-E75FC3342BF2}.Release|Any CPU.ActiveCfg = Release|Any CPU
		{6342F138-8B23-498B-ACD6-E75FC3342BF2}.Release|Any CPU.Build.0 = Release|Any CPU
		{34CDCE2C-4349-4FA9-8355-1D6FB8B07811}.Debug|Any CPU.ActiveCfg = Debug|Any CPU
		{34CDCE2C-4349-4FA9-8355-1D6FB8B07811}.Debug|Any CPU.Build.0 = Debug|Any CPU
		{34CDCE2C-4349-4FA9-8355-1D6FB8B07811}.Release|Any CPU.ActiveCfg = Release|Any CPU
		{34CDCE2C-4349-4FA9-8355-1D6FB8B07811}.Release|Any CPU.Build.0 = Release|Any CPU
		{593FD7A1-8693-42C6-8247-537278F4CA13}.Debug|Any CPU.ActiveCfg = Debug|Any CPU
		{593FD7A1-8693-42C6-8247-537278F4CA13}.Debug|Any CPU.Build.0 = Debug|Any CPU
		{593FD7A1-8693-42C6-8247-537278F4CA13}.Release|Any CPU.ActiveCfg = Release|Any CPU
		{593FD7A1-8693-42C6-8247-537278F4CA13}.Release|Any CPU.Build.0 = Release|Any CPU
		{429BF419-ED34-4375-9332-0BABE746C68F}.Debug|Any CPU.ActiveCfg = Debug|Any CPU
		{429BF419-ED34-4375-9332-0BABE746C68F}.Debug|Any CPU.Build.0 = Debug|Any CPU
		{429BF419-ED34-4375-9332-0BABE746C68F}.Release|Any CPU.ActiveCfg = Release|Any CPU
		{429BF419-ED34-4375-9332-0BABE746C68F}.Release|Any CPU.Build.0 = Release|Any CPU
	EndGlobalSection
	GlobalSection(SolutionProperties) = preSolution
		HideSolutionNode = FALSE
	EndGlobalSection
	GlobalSection(ExtensibilityGlobals) = postSolution
		SolutionGuid = {0A17059C-17CB-4FA9-BE6E-9BA95510BEFE}
	EndGlobalSection
	GlobalSection(NestedProjects) = preSolution
		{6342F138-8B23-498B-ACD6-E75FC3342BF2} = {F8495298-BC3B-4E03-891C-BB762E223776}
		{4663DA29-AA05-4134-800D-1974BE8DB559} = {F8495298-BC3B-4E03-891C-BB762E223776}
		{34CDCE2C-4349-4FA9-8355-1D6FB8B07811} = {F8495298-BC3B-4E03-891C-BB762E223776}
		{593FD7A1-8693-42C6-8247-537278F4CA13} = {F8495298-BC3B-4E03-891C-BB762E223776}
		{EDC1603E-4D88-440C-BEFF-7EB78DB64FE0} = {F8495298-BC3B-4E03-891C-BB762E223776}
		{429BF419-ED34-4375-9332-0BABE746C68F} = {0ADAE7A2-44B0-4C38-B9D9-B8A6111AEFDD}
	EndGlobalSection
EndGlobal
