Microsoft Visual Studio Solution File, Format Version 12.00
# Visual Studio Version 18
VisualStudioVersion = 18.0.11012.119
MinimumVisualStudioVersion = 10.0.40219.1
Project("{9A19103F-16F7-4668-BE54-9A1E7A4F7556}") = "CrownsGuard.Game", "CrownsGuard.Game\CrownsGuard.Game.csproj", "{4663DA29-AA05-4134-800D-1974BE8DB559}"
EndProject
Project("{9A19103F-16F7-4668-BE54-9A1E7A4F7556}") = "CrownsGuard.UI", "CrownsGuard.UI\CrownsGuard.UI.csproj", "{EDC1603E-4D88-440C-BEFF-7EB78DB64FE0}"
EndProject
Project("{9A19103F-16F7-4668-BE54-9A1E7A4F7556}") = "CrownsGuard.FiguresDesign", "CrownsGuard.FiguresDesign\CrownsGuard.FiguresDesign.csproj", "{6342F138-8B23-498B-ACD6-E75FC3342BF2}"
EndProject
Project("{FAE04EC0-301F-11D3-BF4B-00C04F79EFBC}") = "CrownsGuard.Maps", "CrownsGuard.Maps\CrownsGuard.Maps.csproj", "{34CDCE2C-4349-4FA9-8355-1D6FB8B07811}"
EndProject
Project("{FAE04EC0-301F-11D3-BF4B-00C04F79EFBC}") = "CrownsGuard.Multiplayer", "CrownsGuard.Multiplayer\CrownsGuard.Multiplayer.csproj", "{593FD7A1-8693-42C6-8247-537278F4CA13}"
EndProject
Project("{2150E333-8FDC-42A3-9474-1A3956D46DE8}") = "Test", "Test", "{0ADAE7A2-44B0-4C38-B9D9-B8A6111AEFDD}"
EndProject
Project("{2150E333-8FDC-42A3-9474-1A3956D46DE8}") = "Src", "Src", "{F8495298-BC3B-4E03-891C-BB762E223776}"
EndProject
Project("{FAE04EC0-301F-11D3-BF4B-00C04F79EFBC}") = "CrownsGuard.Game.Test", "CrownsGuard.Game.Test\CrownsGuard.Game.Test.csproj", "{429BF419-ED34-4375-9332-0BABE746C68F}"
EndProject
Project("{FAE04EC0-301F-11D3-BF4B-00C04F79EFBC}") = "CrownsGuard.Core", "CrownsGuard.Core\CrownsGuard.Core.csproj", "{1ED989DD-AE82-439E-B868-83EA5A28C9D8}"
EndProject
Project("{FAE04EC0-301F-11D3-BF4B-00C04F79EFBC}") = "CrownsGuard.Maps.Test", "CrownsGuard.Maps.Test\CrownsGuard.Maps.Test.csproj", "{7F43C8B9-19D8-4D45-99DF-925EA9874E60}"
EndProject
Project("{FAE04EC0-301F-11D3-BF4B-00C04F79EFBC}") = "CrownsGuard.Multiplayer.Test", "CrownsGuard.Multiplayer.Test\CrownsGuard.Multiplayer.Test.csproj", "{7B6228A4-858A-40C3-BCA3-D50ABB7C0D0A}"
EndProject
Project("{FAE04EC0-301F-11D3-BF4B-00C04F79EFBC}") = "CrownsGuard.Database", "CrownsGuard.Database\CrownsGuard.Database.csproj", "{D0B5A3FE-6E94-4A69-BB02-F1E5D33F0BBE}"
EndProject
Project("{FAE04EC0-301F-11D3-BF4B-00C04F79EFBC}") = "CrownsGuard.AI", "CrownsGuard.AI\CrownsGuard.AI.csproj", "{7DA609A7-695D-4946-9D7D-A84503B27678}"
EndProject
Project("{FAE04EC0-301F-11D3-BF4B-00C04F79EFBC}") = "CrownsGuard.AI.Test", "CrownsGuard.AI.Test\CrownsGuard.AI.Test.csproj", "{EF950A84-C5E9-43D7-8C5E-C0A7717EE9F6}"
EndProject
Project("{FAE04EC0-301F-11D3-BF4B-00C04F79EFBC}") = "CrownsGuard.Engine", "CrownsGuard.Engine\CrownsGuard.Engine.csproj", "{00F202C9-9C52-4E01-9177-73E4B249128E}"
EndProject
Project("{FAE04EC0-301F-11D3-BF4B-00C04F79EFBC}") = "CrownsGuard.Core.Test", "CrownsGuard.Core.Test\CrownsGuard.Core.Test.csproj", "{4EE6302E-DDC7-423C-BF0E-B7705B459CFD}"
EndProject
Global
	GlobalSection(SolutionConfigurationPlatforms) = preSolution
		Debug|Any CPU = Debug|Any CPU
		Release|Any CPU = Release|Any CPU
	EndGlobalSection
	GlobalSection(ProjectConfigurationPlatforms) = postSolution
		{4663DA29-AA05-4134-800D-1974BE8DB559}.Debug|Any CPU.ActiveCfg = Debug|Any CPU
		{4663DA29-AA05-4134-800D-1974BE8DB559}.Debug|Any CPU.Build.0 = Debug|Any CPU
		{4663DA29-AA05-4134-800D-1974BE8DB559}.Release|Any CPU.ActiveCfg = Release|Any CPU
		{4663DA29-AA05-4134-800D-1974BE8DB559}.Release|Any CPU.Build.0 = Release|Any CPU
		{EDC1603E-4D88-440C-BEFF-7EB78DB64FE0}.Debug|Any CPU.ActiveCfg = Debug|Any CPU
		{EDC1603E-4D88-440C-BEFF-7EB78DB64FE0}.Debug|Any CPU.Build.0 = Debug|Any CPU
		{EDC1603E-4D88-440C-BEFF-7EB78DB64FE0}.Release|Any CPU.ActiveCfg = Release|Any CPU
		{EDC1603E-4D88-440C-BEFF-7EB78DB64FE0}.Release|Any CPU.Build.0 = Release|Any CPU
		{6342F138-8B23-498B-ACD6-E75FC3342BF2}.Debug|Any CPU.ActiveCfg = Debug|Any CPU
		{6342F138-8B23-498B-ACD6-E75FC3342BF2}.Debug|Any CPU.Build.0 = Debug|Any CPU
		{6342F138-8B23-498B-ACD6-E75FC3342BF2}.Release|Any CPU.ActiveCfg = Release|Any CPU
		{6342F138-8B23-498B-ACD6-E75FC3342BF2}.Release|Any CPU.Build.0 = Release|Any CPU
		{34CDCE2C-4349-4FA9-8355-1D6FB8B07811}.Debug|Any CPU.ActiveCfg = Debug|Any CPU
		{34CDCE2C-4349-4FA9-8355-1D6FB8B07811}.Debug|Any CPU.Build.0 = Debug|Any CPU
		{34CDCE2C-4349-4FA9-8355-1D6FB8B07811}.Release|Any CPU.ActiveCfg = Release|Any CPU
		{34CDCE2C-4349-4FA9-8355-1D6FB8B07811}.Release|Any CPU.Build.0 = Release|Any CPU
		{593FD7A1-8693-42C6-8247-537278F4CA13}.Debug|Any CPU.ActiveCfg = Debug|Any CPU
		{593FD7A1-8693-42C6-8247-537278F4CA13}.Debug|Any CPU.Build.0 = Debug|Any CPU
		{593FD7A1-8693-42C6-8247-537278F4CA13}.Release|Any CPU.ActiveCfg = Release|Any CPU
		{593FD7A1-8693-42C6-8247-537278F4CA13}.Release|Any CPU.Build.0 = Release|Any CPU
		{429BF419-ED34-4375-9332-0BABE746C68F}.Debug|Any CPU.ActiveCfg = Debug|Any CPU
		{429BF419-ED34-4375-9332-0BABE746C68F}.Debug|Any CPU.Build.0 = Debug|Any CPU
		{429BF419-ED34-4375-9332-0BABE746C68F}.Release|Any CPU.ActiveCfg = Release|Any CPU
		{429BF419-ED34-4375-9332-0BABE746C68F}.Release|Any CPU.Build.0 = Release|Any CPU
		{1ED989DD-AE82-439E-B868-83EA5A28C9D8}.Debug|Any CPU.ActiveCfg = Debug|Any CPU
		{1ED989DD-AE82-439E-B868-83EA5A28C9D8}.Debug|Any CPU.Build.0 = Debug|Any CPU
		{1ED989DD-AE82-439E-B868-83EA5A28C9D8}.Release|Any CPU.ActiveCfg = Release|Any CPU
		{1ED989DD-AE82-439E-B868-83EA5A28C9D8}.Release|Any CPU.Build.0 = Release|Any CPU
		{7F43C8B9-19D8-4D45-99DF-925EA9874E60}.Debug|Any CPU.ActiveCfg = Debug|Any CPU
		{7F43C8B9-19D8-4D45-99DF-925EA9874E60}.Debug|Any CPU.Build.0 = Debug|Any CPU
		{7F43C8B9-19D8-4D45-99DF-925EA9874E60}.Release|Any CPU.ActiveCfg = Release|Any CPU
		{7F43C8B9-19D8-4D45-99DF-925EA9874E60}.Release|Any CPU.Build.0 = Release|Any CPU
		{7B6228A4-858A-40C3-BCA3-D50ABB7C0D0A}.Debug|Any CPU.ActiveCfg = Debug|Any CPU
		{7B6228A4-858A-40C3-BCA3-D50ABB7C0D0A}.Debug|Any CPU.Build.0 = Debug|Any CPU
		{7B6228A4-858A-40C3-BCA3-D50ABB7C0D0A}.Release|Any CPU.ActiveCfg = Release|Any CPU
		{7B6228A4-858A-40C3-BCA3-D50ABB7C0D0A}.Release|Any CPU.Build.0 = Release|Any CPU
		{D0B5A3FE-6E94-4A69-BB02-F1E5D33F0BBE}.Debug|Any CPU.ActiveCfg = Debug|Any CPU
		{D0B5A3FE-6E94-4A69-BB02-F1E5D33F0BBE}.Debug|Any CPU.Build.0 = Debug|Any CPU
		{D0B5A3FE-6E94-4A69-BB02-F1E5D33F0BBE}.Release|Any CPU.ActiveCfg = Release|Any CPU
		{D0B5A3FE-6E94-4A69-BB02-F1E5D33F0BBE}.Release|Any CPU.Build.0 = Release|Any CPU
		{7DA609A7-695D-4946-9D7D-A84503B27678}.Debug|Any CPU.ActiveCfg = Debug|Any CPU
		{7DA609A7-695D-4946-9D7D-A84503B27678}.Debug|Any CPU.Build.0 = Debug|Any CPU
		{7DA609A7-695D-4946-9D7D-A84503B27678}.Release|Any CPU.ActiveCfg = Release|Any CPU
		{7DA609A7-695D-4946-9D7D-A84503B27678}.Release|Any CPU.Build.0 = Release|Any CPU
		{EF950A84-C5E9-43D7-8C5E-C0A7717EE9F6}.Debug|Any CPU.ActiveCfg = Debug|Any CPU
		{EF950A84-C5E9-43D7-8C5E-C0A7717EE9F6}.Debug|Any CPU.Build.0 = Debug|Any CPU
		{EF950A84-C5E9-43D7-8C5E-C0A7717EE9F6}.Release|Any CPU.ActiveCfg = Release|Any CPU
		{EF950A84-C5E9-43D7-8C5E-C0A7717EE9F6}.Release|Any CPU.Build.0 = Release|Any CPU
		{00F202C9-9C52-4E01-9177-73E4B249128E}.Debug|Any CPU.ActiveCfg = Debug|Any CPU
		{00F202C9-9C52-4E01-9177-73E4B249128E}.Debug|Any CPU.Build.0 = Debug|Any CPU
		{00F202C9-9C52-4E01-9177-73E4B249128E}.Release|Any CPU.ActiveCfg = Release|Any CPU
		{00F202C9-9C52-4E01-9177-73E4B249128E}.Release|Any CPU.Build.0 = Release|Any CPU
		{4EE6302E-DDC7-423C-BF0E-B7705B459CFD}.Debug|Any CPU.ActiveCfg = Debug|Any CPU
		{4EE6302E-DDC7-423C-BF0E-B7705B459CFD}.Debug|Any CPU.Build.0 = Debug|Any CPU
		{4EE6302E-DDC7-423C-BF0E-B7705B459CFD}.Release|Any CPU.ActiveCfg = Release|Any CPU
		{4EE6302E-DDC7-423C-BF0E-B7705B459CFD}.Release|Any CPU.Build.0 = Release|Any CPU
	EndGlobalSection
	GlobalSection(SolutionProperties) = preSolution
		HideSolutionNode = FALSE
	EndGlobalSection
	GlobalSection(NestedProjects) = preSolution
		{4663DA29-AA05-4134-800D-1974BE8DB559} = {F8495298-BC3B-4E03-891C-BB762E223776}
		{EDC1603E-4D88-440C-BEFF-7EB78DB64FE0} = {F8495298-BC3B-4E03-891C-BB762E223776}
		{6342F138-8B23-498B-ACD6-E75FC3342BF2} = {F8495298-BC3B-4E03-891C-BB762E223776}
		{34CDCE2C-4349-4FA9-8355-1D6FB8B07811} = {F8495298-BC3B-4E03-891C-BB762E223776}
		{593FD7A1-8693-42C6-8247-537278F4CA13} = {F8495298-BC3B-4E03-891C-BB762E223776}
		{429BF419-ED34-4375-9332-0BABE746C68F} = {0ADAE7A2-44B0-4C38-B9D9-B8A6111AEFDD}
		{1ED989DD-AE82-439E-B868-83EA5A28C9D8} = {F8495298-BC3B-4E03-891C-BB762E223776}
		{7F43C8B9-19D8-4D45-99DF-925EA9874E60} = {0ADAE7A2-44B0-4C38-B9D9-B8A6111AEFDD}
		{7B6228A4-858A-40C3-BCA3-D50ABB7C0D0A} = {0ADAE7A2-44B0-4C38-B9D9-B8A6111AEFDD}
		{D0B5A3FE-6E94-4A69-BB02-F1E5D33F0BBE} = {F8495298-BC3B-4E03-891C-BB762E223776}
		{7DA609A7-695D-4946-9D7D-A84503B27678} = {F8495298-BC3B-4E03-891C-BB762E223776}
		{EF950A84-C5E9-43D7-8C5E-C0A7717EE9F6} = {0ADAE7A2-44B0-4C38-B9D9-B8A6111AEFDD}
		{00F202C9-9C52-4E01-9177-73E4B249128E} = {F8495298-BC3B-4E03-891C-BB762E223776}
		{4EE6302E-DDC7-423C-BF0E-B7705B459CFD} = {0ADAE7A2-44B0-4C38-B9D9-B8A6111AEFDD}
	EndGlobalSection
	GlobalSection(ExtensibilityGlobals) = postSolution
		SolutionGuid = {0A17059C-17CB-4FA9-BE6E-9BA95510BEFE}
	EndGlobalSection
EndGlobal
